
Microsoft Visual Studio Solution File, Format Version 12.00
# Visual Studio Version 16
VisualStudioVersion = 16.0.30114.105
MinimumVisualStudioVersion = 10.0.40219.1
Project("{2150E333-8FDC-42A3-9474-1A3956D46DE8}") = "src", "src", "{FA0B11EE-C4C5-40BE-9EC0-6015D1F403D2}"
EndProject
Project("{FAE04EC0-301F-11D3-BF4B-00C04F79EFBC}") = "Wonderland.Chip8", "src\Wonderland.Chip8\Wonderland.Chip8.csproj", "{ED00EC94-F8FC-4E43-9E2E-9821578F7153}"
EndProject
Project("{FAE04EC0-301F-11D3-BF4B-00C04F79EFBC}") = "Wonderland.GameBoy", "src\Wonderland.GameBoy\Wonderland.GameBoy.csproj", "{64A5C7BB-F078-4242-8064-FBA9E969994B}"
EndProject
Global
	GlobalSection(SolutionConfigurationPlatforms) = preSolution
		Debug|Any CPU = Debug|Any CPU
		Release|Any CPU = Release|Any CPU
	EndGlobalSection
	GlobalSection(SolutionProperties) = preSolution
		HideSolutionNode = FALSE
	EndGlobalSection
	GlobalSection(ProjectConfigurationPlatforms) = postSolution
		{ED00EC94-F8FC-4E43-9E2E-9821578F7153}.Debug|Any CPU.ActiveCfg = Debug|Any CPU
		{ED00EC94-F8FC-4E43-9E2E-9821578F7153}.Debug|Any CPU.Build.0 = Debug|Any CPU
		{ED00EC94-F8FC-4E43-9E2E-9821578F7153}.Release|Any CPU.ActiveCfg = Release|Any CPU
		{ED00EC94-F8FC-4E43-9E2E-9821578F7153}.Release|Any CPU.Build.0 = Release|Any CPU
		{64A5C7BB-F078-4242-8064-FBA9E969994B}.Debug|Any CPU.ActiveCfg = Debug|Any CPU
		{64A5C7BB-F078-4242-8064-FBA9E969994B}.Debug|Any CPU.Build.0 = Debug|Any CPU
		{64A5C7BB-F078-4242-8064-FBA9E969994B}.Release|Any CPU.ActiveCfg = Release|Any CPU
		{64A5C7BB-F078-4242-8064-FBA9E969994B}.Release|Any CPU.Build.0 = Release|Any CPU
	EndGlobalSection
	GlobalSection(NestedProjects) = preSolution
		{ED00EC94-F8FC-4E43-9E2E-9821578F7153} = {FA0B11EE-C4C5-40BE-9EC0-6015D1F403D2}
		{64A5C7BB-F078-4242-8064-FBA9E969994B} = {FA0B11EE-C4C5-40BE-9EC0-6015D1F403D2}
	EndGlobalSection
EndGlobal
